
Microsoft Visual Studio Solution File, Format Version 12.00
# Visual Studio 16
Project("{FAE04EC0-301F-11D3-BF4B-00C04F79EFBC}") = "Assembly-CSharp", "Assembly-CSharp.csproj", "{41C24091-6D37-F115-0A21-F5D1A344C926}"
EndProject
Project("{FAE04EC0-301F-11D3-BF4B-00C04F79EFBC}") = "Assembly-CSharp-Editor", "Assembly-CSharp-Editor.csproj", "{56D33FAB-02DC-D19E-2222-5A52D351CEE9}"
EndProject
Global
	GlobalSection(SolutionConfigurationPlatforms) = preSolution
		Debug|Any CPU = Debug|Any CPU
		Release|Any CPU = Release|Any CPU
	EndGlobalSection
	GlobalSection(ProjectConfigurationPlatforms) = postSolution
		{41C24091-6D37-F115-0A21-F5D1A344C926}.Debug|Any CPU.ActiveCfg = Debug|Any CPU
		{41C24091-6D37-F115-0A21-F5D1A344C926}.Debug|Any CPU.Build.0 = Debug|Any CPU
		{41C24091-6D37-F115-0A21-F5D1A344C926}.Release|Any CPU.ActiveCfg = Release|Any CPU
		{41C24091-6D37-F115-0A21-F5D1A344C926}.Release|Any CPU.Build.0 = Release|Any CPU
		{56D33FAB-02DC-D19E-2222-5A52D351CEE9}.Debug|Any CPU.ActiveCfg = Debug|Any CPU
		{56D33FAB-02DC-D19E-2222-5A52D351CEE9}.Debug|Any CPU.Build.0 = Debug|Any CPU
		{56D33FAB-02DC-D19E-2222-5A52D351CEE9}.Release|Any CPU.ActiveCfg = Release|Any CPU
		{56D33FAB-02DC-D19E-2222-5A52D351CEE9}.Release|Any CPU.Build.0 = Release|Any CPU
	EndGlobalSection
	GlobalSection(SolutionProperties) = preSolution
		HideSolutionNode = FALSE
	EndGlobalSection
EndGlobal
